// !$*UTF8*$!
{
	archiveVersion = 1;
	classes = {
	};
	objectVersion = 56;
	objects = {

/* Begin PBXBuildFile section */
		963BD0B829655EE800321FBA /* CryptoTrackerApp.swift in Sources */ = {isa = PBXBuildFile; fileRef = 963BD0B729655EE800321FBA /* CryptoTrackerApp.swift */; };
		963BD0BA29655EE800321FBA /* ContentView.swift in Sources */ = {isa = PBXBuildFile; fileRef = 963BD0B929655EE800321FBA /* ContentView.swift */; };
		963BD0BC29655EEC00321FBA /* Assets.xcassets in Resources */ = {isa = PBXBuildFile; fileRef = 963BD0BB29655EEC00321FBA /* Assets.xcassets */; };
		963BD0BF29655EEC00321FBA /* Preview Assets.xcassets in Resources */ = {isa = PBXBuildFile; fileRef = 963BD0BE29655EEC00321FBA /* Preview Assets.xcassets */; };
		963BD0CE2965603400321FBA /* HomeView.swift in Sources */ = {isa = PBXBuildFile; fileRef = 963BD0CD2965603400321FBA /* HomeView.swift */; };
		963BD0D02965623300321FBA /* TopMoversView.swift in Sources */ = {isa = PBXBuildFile; fileRef = 963BD0CF2965623300321FBA /* TopMoversView.swift */; };
		963BD0D22965626200321FBA /* TopMoversItemView.swift in Sources */ = {isa = PBXBuildFile; fileRef = 963BD0D12965626200321FBA /* TopMoversItemView.swift */; };
		963BD0D5296567C200321FBA /* AllCoinsView.swift in Sources */ = {isa = PBXBuildFile; fileRef = 963BD0D4296567C200321FBA /* AllCoinsView.swift */; };
		963BD0D7296567DA00321FBA /* CoinRowView.swift in Sources */ = {isa = PBXBuildFile; fileRef = 963BD0D6296567DA00321FBA /* CoinRowView.swift */; };
		963BD0D9296572BF00321FBA /* HomeViewModel.swift in Sources */ = {isa = PBXBuildFile; fileRef = 963BD0D8296572BF00321FBA /* HomeViewModel.swift */; };
		963BD0DB2965782300321FBA /* Coin.swift in Sources */ = {isa = PBXBuildFile; fileRef = 963BD0DA2965782300321FBA /* Coin.swift */; };
		963BD0DE296587B200321FBA /* Kingfisher in Frameworks */ = {isa = PBXBuildFile; productRef = 963BD0DD296587B200321FBA /* Kingfisher */; };
		963BD0E029658C6F00321FBA /* Double.swift in Sources */ = {isa = PBXBuildFile; fileRef = 963BD0DF29658C6F00321FBA /* Double.swift */; };
		963BD0E52965B6E100321FBA /* CoinDetailsView.swift in Sources */ = {isa = PBXBuildFile; fileRef = 963BD0E42965B6E100321FBA /* CoinDetailsView.swift */; };
		963BD0E72965B96300321FBA /* Color.swift in Sources */ = {isa = PBXBuildFile; fileRef = 963BD0E62965B96300321FBA /* Color.swift */; };
		963BD0E92965BE5700321FBA /* CoinDetailsSection.swift in Sources */ = {isa = PBXBuildFile; fileRef = 963BD0E82965BE5700321FBA /* CoinDetailsSection.swift */; };
		963BD0EB2965BF3B00321FBA /* StatsView.swift in Sources */ = {isa = PBXBuildFile; fileRef = 963BD0EA2965BF3B00321FBA /* StatsView.swift */; };
		963BD0ED2965C2C900321FBA /* StatsModel.swift in Sources */ = {isa = PBXBuildFile; fileRef = 963BD0EC2965C2C900321FBA /* StatsModel.swift */; };
		963BD0EF2965C3CF00321FBA /* PreviewProvider.swift in Sources */ = {isa = PBXBuildFile; fileRef = 963BD0EE2965C3CF00321FBA /* PreviewProvider.swift */; };
		963BD0F12965C89F00321FBA /* CoinDetailsSectionModel.swift in Sources */ = {isa = PBXBuildFile; fileRef = 963BD0F02965C89F00321FBA /* CoinDetailsSectionModel.swift */; };
		963BD0F32965D20200321FBA /* CoinDetailsViewModel.swift in Sources */ = {isa = PBXBuildFile; fileRef = 963BD0F22965D20200321FBA /* CoinDetailsViewModel.swift */; };
		963BD0F52965DC0000321FBA /* ChartData.swift in Sources */ = {isa = PBXBuildFile; fileRef = 963BD0F42965DC0000321FBA /* ChartData.swift */; };
		963BD0F72965DDED00321FBA /* Date.swift in Sources */ = {isa = PBXBuildFile; fileRef = 963BD0F62965DDED00321FBA /* Date.swift */; };
		963BD0F92965E05500321FBA /* ChartView.swift in Sources */ = {isa = PBXBuildFile; fileRef = 963BD0F82965E05500321FBA /* ChartView.swift */; };
/* End PBXBuildFile section */

/* Begin PBXFileReference section */
		963BD0B429655EE800321FBA /* CryptoTracker.app */ = {isa = PBXFileReference; explicitFileType = wrapper.application; includeInIndex = 0; path = CryptoTracker.app; sourceTree = BUILT_PRODUCTS_DIR; };
		963BD0B729655EE800321FBA /* CryptoTrackerApp.swift */ = {isa = PBXFileReference; lastKnownFileType = sourcecode.swift; path = CryptoTrackerApp.swift; sourceTree = "<group>"; };
		963BD0B929655EE800321FBA /* ContentView.swift */ = {isa = PBXFileReference; lastKnownFileType = sourcecode.swift; path = ContentView.swift; sourceTree = "<group>"; };
		963BD0BB29655EEC00321FBA /* Assets.xcassets */ = {isa = PBXFileReference; lastKnownFileType = folder.assetcatalog; path = Assets.xcassets; sourceTree = "<group>"; };
		963BD0BE29655EEC00321FBA /* Preview Assets.xcassets */ = {isa = PBXFileReference; lastKnownFileType = folder.assetcatalog; path = "Preview Assets.xcassets"; sourceTree = "<group>"; };
		963BD0CD2965603400321FBA /* HomeView.swift */ = {isa = PBXFileReference; lastKnownFileType = sourcecode.swift; path = HomeView.swift; sourceTree = "<group>"; };
		963BD0CF2965623300321FBA /* TopMoversView.swift */ = {isa = PBXFileReference; lastKnownFileType = sourcecode.swift; path = TopMoversView.swift; sourceTree = "<group>"; };
		963BD0D12965626200321FBA /* TopMoversItemView.swift */ = {isa = PBXFileReference; lastKnownFileType = sourcecode.swift; path = TopMoversItemView.swift; sourceTree = "<group>"; };
		963BD0D4296567C200321FBA /* AllCoinsView.swift */ = {isa = PBXFileReference; lastKnownFileType = sourcecode.swift; path = AllCoinsView.swift; sourceTree = "<group>"; };
		963BD0D6296567DA00321FBA /* CoinRowView.swift */ = {isa = PBXFileReference; lastKnownFileType = sourcecode.swift; path = CoinRowView.swift; sourceTree = "<group>"; };
		963BD0D8296572BF00321FBA /* HomeViewModel.swift */ = {isa = PBXFileReference; lastKnownFileType = sourcecode.swift; path = HomeViewModel.swift; sourceTree = "<group>"; };
		963BD0DA2965782300321FBA /* Coin.swift */ = {isa = PBXFileReference; lastKnownFileType = sourcecode.swift; path = Coin.swift; sourceTree = "<group>"; };
		963BD0DF29658C6F00321FBA /* Double.swift */ = {isa = PBXFileReference; lastKnownFileType = sourcecode.swift; path = Double.swift; sourceTree = "<group>"; };
		963BD0E42965B6E100321FBA /* CoinDetailsView.swift */ = {isa = PBXFileReference; lastKnownFileType = sourcecode.swift; path = CoinDetailsView.swift; sourceTree = "<group>"; };
		963BD0E62965B96300321FBA /* Color.swift */ = {isa = PBXFileReference; lastKnownFileType = sourcecode.swift; path = Color.swift; sourceTree = "<group>"; };
		963BD0E82965BE5700321FBA /* CoinDetailsSection.swift */ = {isa = PBXFileReference; lastKnownFileType = sourcecode.swift; path = CoinDetailsSection.swift; sourceTree = "<group>"; };
		963BD0EA2965BF3B00321FBA /* StatsView.swift */ = {isa = PBXFileReference; lastKnownFileType = sourcecode.swift; path = StatsView.swift; sourceTree = "<group>"; };
		963BD0EC2965C2C900321FBA /* StatsModel.swift */ = {isa = PBXFileReference; lastKnownFileType = sourcecode.swift; path = StatsModel.swift; sourceTree = "<group>"; };
		963BD0EE2965C3CF00321FBA /* PreviewProvider.swift */ = {isa = PBXFileReference; lastKnownFileType = sourcecode.swift; path = PreviewProvider.swift; sourceTree = "<group>"; };
		963BD0F02965C89F00321FBA /* CoinDetailsSectionModel.swift */ = {isa = PBXFileReference; lastKnownFileType = sourcecode.swift; path = CoinDetailsSectionModel.swift; sourceTree = "<group>"; };
		963BD0F22965D20200321FBA /* CoinDetailsViewModel.swift */ = {isa = PBXFileReference; lastKnownFileType = sourcecode.swift; path = CoinDetailsViewModel.swift; sourceTree = "<group>"; };
		963BD0F42965DC0000321FBA /* ChartData.swift */ = {isa = PBXFileReference; lastKnownFileType = sourcecode.swift; path = ChartData.swift; sourceTree = "<group>"; };
		963BD0F62965DDED00321FBA /* Date.swift */ = {isa = PBXFileReference; lastKnownFileType = sourcecode.swift; path = Date.swift; sourceTree = "<group>"; };
		963BD0F82965E05500321FBA /* ChartView.swift */ = {isa = PBXFileReference; lastKnownFileType = sourcecode.swift; path = ChartView.swift; sourceTree = "<group>"; };
/* End PBXFileReference section */

/* Begin PBXFrameworksBuildPhase section */
		963BD0B129655EE800321FBA /* Frameworks */ = {
			isa = PBXFrameworksBuildPhase;
			buildActionMask = 2147483647;
			files = (
				963BD0DE296587B200321FBA /* Kingfisher in Frameworks */,
			);
			runOnlyForDeploymentPostprocessing = 0;
		};
/* End PBXFrameworksBuildPhase section */

/* Begin PBXGroup section */
		963BD0AB29655EE800321FBA = {
			isa = PBXGroup;
			children = (
				963BD0B629655EE800321FBA /* CryptoTracker */,
				963BD0B529655EE800321FBA /* Products */,
			);
			sourceTree = "<group>";
		};
		963BD0B529655EE800321FBA /* Products */ = {
			isa = PBXGroup;
			children = (
				963BD0B429655EE800321FBA /* CryptoTracker.app */,
			);
			name = Products;
			sourceTree = "<group>";
		};
		963BD0B629655EE800321FBA /* CryptoTracker */ = {
			isa = PBXGroup;
			children = (
				963BD0C929655F3A00321FBA /* Utils */,
				963BD0C829655F3600321FBA /* Extensions */,
				963BD0C729655F3400321FBA /* Models */,
				963BD0C629655F3000321FBA /* Core */,
				963BD0C529655F2D00321FBA /* App */,
				963BD0B929655EE800321FBA /* ContentView.swift */,
				963BD0BB29655EEC00321FBA /* Assets.xcassets */,
				963BD0BD29655EEC00321FBA /* Preview Content */,
			);
			path = CryptoTracker;
			sourceTree = "<group>";
		};
		963BD0BD29655EEC00321FBA /* Preview Content */ = {
			isa = PBXGroup;
			children = (
				963BD0BE29655EEC00321FBA /* Preview Assets.xcassets */,
			);
			path = "Preview Content";
			sourceTree = "<group>";
		};
		963BD0C529655F2D00321FBA /* App */ = {
			isa = PBXGroup;
			children = (
				963BD0B729655EE800321FBA /* CryptoTrackerApp.swift */,
			);
			path = App;
			sourceTree = "<group>";
		};
		963BD0C629655F3000321FBA /* Core */ = {
			isa = PBXGroup;
			children = (
				963BD0E12965B66800321FBA /* CoinDetails */,
				963BD0CA29655FA900321FBA /* Home */,
			);
			path = Core;
			sourceTree = "<group>";
		};
		963BD0C729655F3400321FBA /* Models */ = {
			isa = PBXGroup;
			children = (
				963BD0DA2965782300321FBA /* Coin.swift */,
				963BD0EC2965C2C900321FBA /* StatsModel.swift */,
				963BD0F02965C89F00321FBA /* CoinDetailsSectionModel.swift */,
				963BD0F42965DC0000321FBA /* ChartData.swift */,
			);
			path = Models;
			sourceTree = "<group>";
		};
		963BD0C829655F3600321FBA /* Extensions */ = {
			isa = PBXGroup;
			children = (
				963BD0DF29658C6F00321FBA /* Double.swift */,
				963BD0E62965B96300321FBA /* Color.swift */,
				963BD0EE2965C3CF00321FBA /* PreviewProvider.swift */,
				963BD0F62965DDED00321FBA /* Date.swift */,
			);
			path = Extensions;
			sourceTree = "<group>";
		};
		963BD0C929655F3A00321FBA /* Utils */ = {
			isa = PBXGroup;
			children = (
			);
			path = Utils;
			sourceTree = "<group>";
		};
		963BD0CA29655FA900321FBA /* Home */ = {
			isa = PBXGroup;
			children = (
				963BD0CC29655FEC00321FBA /* ViewModels */,
				963BD0CB29655FE600321FBA /* Views */,
			);
			path = Home;
			sourceTree = "<group>";
		};
		963BD0CB29655FE600321FBA /* Views */ = {
			isa = PBXGroup;
			children = (
				963BD0CD2965603400321FBA /* HomeView.swift */,
				963BD0CF2965623300321FBA /* TopMoversView.swift */,
				963BD0D12965626200321FBA /* TopMoversItemView.swift */,
				963BD0D4296567C200321FBA /* AllCoinsView.swift */,
				963BD0D6296567DA00321FBA /* CoinRowView.swift */,
			);
			path = Views;
			sourceTree = "<group>";
		};
		963BD0CC29655FEC00321FBA /* ViewModels */ = {
			isa = PBXGroup;
			children = (
				963BD0D8296572BF00321FBA /* HomeViewModel.swift */,
			);
			path = ViewModels;
			sourceTree = "<group>";
		};
		963BD0E12965B66800321FBA /* CoinDetails */ = {
			isa = PBXGroup;
			children = (
				963BD0E32965B6AC00321FBA /* Views */,
				963BD0E22965B68E00321FBA /* ViewModels */,
			);
			path = CoinDetails;
			sourceTree = "<group>";
		};
		963BD0E22965B68E00321FBA /* ViewModels */ = {
			isa = PBXGroup;
			children = (
				963BD0F22965D20200321FBA /* CoinDetailsViewModel.swift */,
			);
			path = ViewModels;
			sourceTree = "<group>";
		};
		963BD0E32965B6AC00321FBA /* Views */ = {
			isa = PBXGroup;
			children = (
				963BD0E42965B6E100321FBA /* CoinDetailsView.swift */,
				963BD0E82965BE5700321FBA /* CoinDetailsSection.swift */,
				963BD0EA2965BF3B00321FBA /* StatsView.swift */,
				963BD0F82965E05500321FBA /* ChartView.swift */,
			);
			path = Views;
			sourceTree = "<group>";
		};
/* End PBXGroup section */

/* Begin PBXNativeTarget section */
		963BD0B329655EE800321FBA /* CryptoTracker */ = {
			isa = PBXNativeTarget;
			buildConfigurationList = 963BD0C229655EEC00321FBA /* Build configuration list for PBXNativeTarget "CryptoTracker" */;
			buildPhases = (
				963BD0B029655EE800321FBA /* Sources */,
				963BD0B129655EE800321FBA /* Frameworks */,
				963BD0B229655EE800321FBA /* Resources */,
			);
			buildRules = (
			);
			dependencies = (
			);
			name = CryptoTracker;
			packageProductDependencies = (
				963BD0DD296587B200321FBA /* Kingfisher */,
			);
			productName = CryptoTracker;
			productReference = 963BD0B429655EE800321FBA /* CryptoTracker.app */;
			productType = "com.apple.product-type.application";
		};
/* End PBXNativeTarget section */

/* Begin PBXProject section */
		963BD0AC29655EE800321FBA /* Project object */ = {
			isa = PBXProject;
			attributes = {
				BuildIndependentTargetsInParallel = 1;
				LastSwiftUpdateCheck = 1420;
				LastUpgradeCheck = 1420;
				TargetAttributes = {
					963BD0B329655EE800321FBA = {
						CreatedOnToolsVersion = 14.2;
					};
				};
			};
			buildConfigurationList = 963BD0AF29655EE800321FBA /* Build configuration list for PBXProject "CryptoTracker" */;
			compatibilityVersion = "Xcode 14.0";
			developmentRegion = en;
			hasScannedForEncodings = 0;
			knownRegions = (
				en,
				Base,
			);
			mainGroup = 963BD0AB29655EE800321FBA;
			packageReferences = (
				963BD0DC296587B200321FBA /* XCRemoteSwiftPackageReference "Kingfisher" */,
			);
			productRefGroup = 963BD0B529655EE800321FBA /* Products */;
			projectDirPath = "";
			projectRoot = "";
			targets = (
				963BD0B329655EE800321FBA /* CryptoTracker */,
			);
		};
/* End PBXProject section */

/* Begin PBXResourcesBuildPhase section */
		963BD0B229655EE800321FBA /* Resources */ = {
			isa = PBXResourcesBuildPhase;
			buildActionMask = 2147483647;
			files = (
				963BD0BF29655EEC00321FBA /* Preview Assets.xcassets in Resources */,
				963BD0BC29655EEC00321FBA /* Assets.xcassets in Resources */,
			);
			runOnlyForDeploymentPostprocessing = 0;
		};
/* End PBXResourcesBuildPhase section */

/* Begin PBXSourcesBuildPhase section */
		963BD0B029655EE800321FBA /* Sources */ = {
			isa = PBXSourcesBuildPhase;
			buildActionMask = 2147483647;
			files = (
				963BD0DB2965782300321FBA /* Coin.swift in Sources */,
				963BD0D02965623300321FBA /* TopMoversView.swift in Sources */,
				963BD0D5296567C200321FBA /* AllCoinsView.swift in Sources */,
				963BD0CE2965603400321FBA /* HomeView.swift in Sources */,
				963BD0D9296572BF00321FBA /* HomeViewModel.swift in Sources */,
				963BD0E72965B96300321FBA /* Color.swift in Sources */,
				963BD0BA29655EE800321FBA /* ContentView.swift in Sources */,
				963BD0B829655EE800321FBA /* CryptoTrackerApp.swift in Sources */,
				963BD0D7296567DA00321FBA /* CoinRowView.swift in Sources */,
				963BD0F52965DC0000321FBA /* ChartData.swift in Sources */,
				963BD0F12965C89F00321FBA /* CoinDetailsSectionModel.swift in Sources */,
				963BD0F72965DDED00321FBA /* Date.swift in Sources */,
				963BD0F32965D20200321FBA /* CoinDetailsViewModel.swift in Sources */,
				963BD0EF2965C3CF00321FBA /* PreviewProvider.swift in Sources */,
				963BD0E52965B6E100321FBA /* CoinDetailsView.swift in Sources */,
				963BD0E029658C6F00321FBA /* Double.swift in Sources */,
				963BD0D22965626200321FBA /* TopMoversItemView.swift in Sources */,
				963BD0F92965E05500321FBA /* ChartView.swift in Sources */,
				963BD0EB2965BF3B00321FBA /* StatsView.swift in Sources */,
				963BD0E92965BE5700321FBA /* CoinDetailsSection.swift in Sources */,
				963BD0ED2965C2C900321FBA /* StatsModel.swift in Sources */,
			);
			runOnlyForDeploymentPostprocessing = 0;
		};
/* End PBXSourcesBuildPhase section */

/* Begin XCBuildConfiguration section */
		963BD0C029655EEC00321FBA /* Debug */ = {
			isa = XCBuildConfiguration;
			buildSettings = {
				ALWAYS_SEARCH_USER_PATHS = NO;
				CLANG_ANALYZER_NONNULL = YES;
				CLANG_ANALYZER_NUMBER_OBJECT_CONVERSION = YES_AGGRESSIVE;
				CLANG_CXX_LANGUAGE_STANDARD = "gnu++20";
				CLANG_ENABLE_MODULES = YES;
				CLANG_ENABLE_OBJC_ARC = YES;
				CLANG_ENABLE_OBJC_WEAK = YES;
				CLANG_WARN_BLOCK_CAPTURE_AUTORELEASING = YES;
				CLANG_WARN_BOOL_CONVERSION = YES;
				CLANG_WARN_COMMA = YES;
				CLANG_WARN_CONSTANT_CONVERSION = YES;
				CLANG_WARN_DEPRECATED_OBJC_IMPLEMENTATIONS = YES;
				CLANG_WARN_DIRECT_OBJC_ISA_USAGE = YES_ERROR;
				CLANG_WARN_DOCUMENTATION_COMMENTS = YES;
				CLANG_WARN_EMPTY_BODY = YES;
				CLANG_WARN_ENUM_CONVERSION = YES;
				CLANG_WARN_INFINITE_RECURSION = YES;
				CLANG_WARN_INT_CONVERSION = YES;
				CLANG_WARN_NON_LITERAL_NULL_CONVERSION = YES;
				CLANG_WARN_OBJC_IMPLICIT_RETAIN_SELF = YES;
				CLANG_WARN_OBJC_LITERAL_CONVERSION = YES;
				CLANG_WARN_OBJC_ROOT_CLASS = YES_ERROR;
				CLANG_WARN_QUOTED_INCLUDE_IN_FRAMEWORK_HEADER = YES;
				CLANG_WARN_RANGE_LOOP_ANALYSIS = YES;
				CLANG_WARN_STRICT_PROTOTYPES = YES;
				CLANG_WARN_SUSPICIOUS_MOVE = YES;
				CLANG_WARN_UNGUARDED_AVAILABILITY = YES_AGGRESSIVE;
				CLANG_WARN_UNREACHABLE_CODE = YES;
				CLANG_WARN__DUPLICATE_METHOD_MATCH = YES;
				COPY_PHASE_STRIP = NO;
				DEBUG_INFORMATION_FORMAT = dwarf;
				ENABLE_STRICT_OBJC_MSGSEND = YES;
				ENABLE_TESTABILITY = YES;
				GCC_C_LANGUAGE_STANDARD = gnu11;
				GCC_DYNAMIC_NO_PIC = NO;
				GCC_NO_COMMON_BLOCKS = YES;
				GCC_OPTIMIZATION_LEVEL = 0;
				GCC_PREPROCESSOR_DEFINITIONS = (
					"DEBUG=1",
					"$(inherited)",
				);
				GCC_WARN_64_TO_32_BIT_CONVERSION = YES;
				GCC_WARN_ABOUT_RETURN_TYPE = YES_ERROR;
				GCC_WARN_UNDECLARED_SELECTOR = YES;
				GCC_WARN_UNINITIALIZED_AUTOS = YES_AGGRESSIVE;
				GCC_WARN_UNUSED_FUNCTION = YES;
				GCC_WARN_UNUSED_VARIABLE = YES;
				IPHONEOS_DEPLOYMENT_TARGET = 16.2;
				MTL_ENABLE_DEBUG_INFO = INCLUDE_SOURCE;
				MTL_FAST_MATH = YES;
				ONLY_ACTIVE_ARCH = YES;
				SDKROOT = iphoneos;
				SWIFT_ACTIVE_COMPILATION_CONDITIONS = DEBUG;
				SWIFT_OPTIMIZATION_LEVEL = "-Onone";
			};
			name = Debug;
		};
		963BD0C129655EEC00321FBA /* Release */ = {
			isa = XCBuildConfiguration;
			buildSettings = {
				ALWAYS_SEARCH_USER_PATHS = NO;
				CLANG_ANALYZER_NONNULL = YES;
				CLANG_ANALYZER_NUMBER_OBJECT_CONVERSION = YES_AGGRESSIVE;
				CLANG_CXX_LANGUAGE_STANDARD = "gnu++20";
				CLANG_ENABLE_MODULES = YES;
				CLANG_ENABLE_OBJC_ARC = YES;
				CLANG_ENABLE_OBJC_WEAK = YES;
				CLANG_WARN_BLOCK_CAPTURE_AUTORELEASING = YES;
				CLANG_WARN_BOOL_CONVERSION = YES;
				CLANG_WARN_COMMA = YES;
				CLANG_WARN_CONSTANT_CONVERSION = YES;
				CLANG_WARN_DEPRECATED_OBJC_IMPLEMENTATIONS = YES;
				CLANG_WARN_DIRECT_OBJC_ISA_USAGE = YES_ERROR;
				CLANG_WARN_DOCUMENTATION_COMMENTS = YES;
				CLANG_WARN_EMPTY_BODY = YES;
				CLANG_WARN_ENUM_CONVERSION = YES;
				CLANG_WARN_INFINITE_RECURSION = YES;
				CLANG_WARN_INT_CONVERSION = YES;
				CLANG_WARN_NON_LITERAL_NULL_CONVERSION = YES;
				CLANG_WARN_OBJC_IMPLICIT_RETAIN_SELF = YES;
				CLANG_WARN_OBJC_LITERAL_CONVERSION = YES;
				CLANG_WARN_OBJC_ROOT_CLASS = YES_ERROR;
				CLANG_WARN_QUOTED_INCLUDE_IN_FRAMEWORK_HEADER = YES;
				CLANG_WARN_RANGE_LOOP_ANALYSIS = YES;
				CLANG_WARN_STRICT_PROTOTYPES = YES;
				CLANG_WARN_SUSPICIOUS_MOVE = YES;
				CLANG_WARN_UNGUARDED_AVAILABILITY = YES_AGGRESSIVE;
				CLANG_WARN_UNREACHABLE_CODE = YES;
				CLANG_WARN__DUPLICATE_METHOD_MATCH = YES;
				COPY_PHASE_STRIP = NO;
				DEBUG_INFORMATION_FORMAT = "dwarf-with-dsym";
				ENABLE_NS_ASSERTIONS = NO;
				ENABLE_STRICT_OBJC_MSGSEND = YES;
				GCC_C_LANGUAGE_STANDARD = gnu11;
				GCC_NO_COMMON_BLOCKS = YES;
				GCC_WARN_64_TO_32_BIT_CONVERSION = YES;
				GCC_WARN_ABOUT_RETURN_TYPE = YES_ERROR;
				GCC_WARN_UNDECLARED_SELECTOR = YES;
				GCC_WARN_UNINITIALIZED_AUTOS = YES_AGGRESSIVE;
				GCC_WARN_UNUSED_FUNCTION = YES;
				GCC_WARN_UNUSED_VARIABLE = YES;
				IPHONEOS_DEPLOYMENT_TARGET = 16.2;
				MTL_ENABLE_DEBUG_INFO = NO;
				MTL_FAST_MATH = YES;
				SDKROOT = iphoneos;
				SWIFT_COMPILATION_MODE = wholemodule;
				SWIFT_OPTIMIZATION_LEVEL = "-O";
				VALIDATE_PRODUCT = YES;
			};
			name = Release;
		};
		963BD0C329655EEC00321FBA /* Debug */ = {
			isa = XCBuildConfiguration;
			buildSettings = {
				ASSETCATALOG_COMPILER_APPICON_NAME = AppIcon;
				ASSETCATALOG_COMPILER_GLOBAL_ACCENT_COLOR_NAME = AccentColor;
				CODE_SIGN_STYLE = Automatic;
				CURRENT_PROJECT_VERSION = 1;
				DEVELOPMENT_ASSET_PATHS = "\"CryptoTracker/Preview Content\"";
				DEVELOPMENT_TEAM = 8ASWRK3UAT;
				ENABLE_PREVIEWS = YES;
				GENERATE_INFOPLIST_FILE = YES;
				INFOPLIST_KEY_UIApplicationSceneManifest_Generation = YES;
				INFOPLIST_KEY_UIApplicationSupportsIndirectInputEvents = YES;
				INFOPLIST_KEY_UILaunchScreen_Generation = YES;
				INFOPLIST_KEY_UISupportedInterfaceOrientations_iPad = "UIInterfaceOrientationPortrait UIInterfaceOrientationPortraitUpsideDown UIInterfaceOrientationLandscapeLeft UIInterfaceOrientationLandscapeRight";
				INFOPLIST_KEY_UISupportedInterfaceOrientations_iPhone = "UIInterfaceOrientationPortrait UIInterfaceOrientationLandscapeLeft UIInterfaceOrientationLandscapeRight";
				LD_RUNPATH_SEARCH_PATHS = (
					"$(inherited)",
					"@executable_path/Frameworks",
				);
				MARKETING_VERSION = 1.0;
				PRODUCT_BUNDLE_IDENTIFIER = com.jasongong.CryptoTracker;
				PRODUCT_NAME = "$(TARGET_NAME)";
				SWIFT_EMIT_LOC_STRINGS = YES;
				SWIFT_VERSION = 5.0;
				TARGETED_DEVICE_FAMILY = "1,2";
			};
			name = Debug;
		};
		963BD0C429655EEC00321FBA /* Release */ = {
			isa = XCBuildConfiguration;
			buildSettings = {
				ASSETCATALOG_COMPILER_APPICON_NAME = AppIcon;
				ASSETCATALOG_COMPILER_GLOBAL_ACCENT_COLOR_NAME = AccentColor;
				CODE_SIGN_STYLE = Automatic;
				CURRENT_PROJECT_VERSION = 1;
				DEVELOPMENT_ASSET_PATHS = "\"CryptoTracker/Preview Content\"";
				DEVELOPMENT_TEAM = 8ASWRK3UAT;
				ENABLE_PREVIEWS = YES;
				GENERATE_INFOPLIST_FILE = YES;
				INFOPLIST_KEY_UIApplicationSceneManifest_Generation = YES;
				INFOPLIST_KEY_UIApplicationSupportsIndirectInputEvents = YES;
				INFOPLIST_KEY_UILaunchScreen_Generation = YES;
				INFOPLIST_KEY_UISupportedInterfaceOrientations_iPad = "UIInterfaceOrientationPortrait UIInterfaceOrientationPortraitUpsideDown UIInterfaceOrientationLandscapeLeft UIInterfaceOrientationLandscapeRight";
				INFOPLIST_KEY_UISupportedInterfaceOrientations_iPhone = "UIInterfaceOrientationPortrait UIInterfaceOrientationLandscapeLeft UIInterfaceOrientationLandscapeRight";
				LD_RUNPATH_SEARCH_PATHS = (
					"$(inherited)",
					"@executable_path/Frameworks",
				);
				MARKETING_VERSION = 1.0;
				PRODUCT_BUNDLE_IDENTIFIER = com.jasongong.CryptoTracker;
				PRODUCT_NAME = "$(TARGET_NAME)";
				SWIFT_EMIT_LOC_STRINGS = YES;
				SWIFT_VERSION = 5.0;
				TARGETED_DEVICE_FAMILY = "1,2";
			};
			name = Release;
		};
/* End XCBuildConfiguration section */

/* Begin XCConfigurationList section */
		963BD0AF29655EE800321FBA /* Build configuration list for PBXProject "CryptoTracker" */ = {
			isa = XCConfigurationList;
			buildConfigurations = (
				963BD0C029655EEC00321FBA /* Debug */,
				963BD0C129655EEC00321FBA /* Release */,
			);
			defaultConfigurationIsVisible = 0;
			defaultConfigurationName = Release;
		};
		963BD0C229655EEC00321FBA /* Build configuration list for PBXNativeTarget "CryptoTracker" */ = {
			isa = XCConfigurationList;
			buildConfigurations = (
				963BD0C329655EEC00321FBA /* Debug */,
				963BD0C429655EEC00321FBA /* Release */,
			);
			defaultConfigurationIsVisible = 0;
			defaultConfigurationName = Release;
		};
/* End XCConfigurationList section */

/* Begin XCRemoteSwiftPackageReference section */
		963BD0DC296587B200321FBA /* XCRemoteSwiftPackageReference "Kingfisher" */ = {
			isa = XCRemoteSwiftPackageReference;
			repositoryURL = "https://github.com/onevcat/Kingfisher.git";
			requirement = {
				kind = exactVersion;
				version = 7.6.2;
			};
		};
/* End XCRemoteSwiftPackageReference section */

/* Begin XCSwiftPackageProductDependency section */
		963BD0DD296587B200321FBA /* Kingfisher */ = {
			isa = XCSwiftPackageProductDependency;
			package = 963BD0DC296587B200321FBA /* XCRemoteSwiftPackageReference "Kingfisher" */;
			productName = Kingfisher;
		};
/* End XCSwiftPackageProductDependency section */
	};
	rootObject = 963BD0AC29655EE800321FBA /* Project object */;
}
